// !$*UTF8*$!
{
	archiveVersion = 1;
	classes = {
	};
	objectVersion = 48;
	objects = {

/* Begin PBXBuildFile section */
		FC30F005205F4056003F8B38 /* SelectProcessWindow.swift in Sources */ = {isa = PBXBuildFile; fileRef = FC30F003205F4056003F8B38 /* SelectProcessWindow.swift */; };
		FC30F006205F4056003F8B38 /* SelectProcessWindow.xib in Resources */ = {isa = PBXBuildFile; fileRef = FC30F004205F4056003F8B38 /* SelectProcessWindow.xib */; };
		FC322AF62066EE4A00CE7AC0 /* Assets.xcassets in Resources */ = {isa = PBXBuildFile; fileRef = FCEACFD6204F0C9E00FFC15F /* Assets.xcassets */; };
		FC322AFB2067224F00CE7AC0 /* NearbyDevicesWindow.swift in Sources */ = {isa = PBXBuildFile; fileRef = FC322AF92067224F00CE7AC0 /* NearbyDevicesWindow.swift */; };
		FC322AFC2067224F00CE7AC0 /* NearbyDevicesWindow.xib in Resources */ = {isa = PBXBuildFile; fileRef = FC322AFA2067224F00CE7AC0 /* NearbyDevicesWindow.xib */; };
		FC322AFE206745AF00CE7AC0 /* Message.swift in Sources */ = {isa = PBXBuildFile; fileRef = FC322AFD206745AE00CE7AC0 /* Message.swift */; };
		FC322AFF206745AF00CE7AC0 /* Message.swift in Sources */ = {isa = PBXBuildFile; fileRef = FC322AFD206745AE00CE7AC0 /* Message.swift */; };
		FC80986A2058156F009634B0 /* RecentJobsTableViewController.swift in Sources */ = {isa = PBXBuildFile; fileRef = FC8098692058156F009634B0 /* RecentJobsTableViewController.swift */; };
		FC80986C20581A0C009634B0 /* RecentJobsTableViewCell.swift in Sources */ = {isa = PBXBuildFile; fileRef = FC80986B20581A0C009634B0 /* RecentJobsTableViewCell.swift */; };
		FC9A7BDF2066DDDD00B6D345 /* DevicesTableViewController.swift in Sources */ = {isa = PBXBuildFile; fileRef = FC9A7BDE2066DDDD00B6D345 /* DevicesTableViewController.swift */; };
		FC9A7BE12066E70C00B6D345 /* BeamerClient.swift in Sources */ = {isa = PBXBuildFile; fileRef = FC9A7BE02066E70C00B6D345 /* BeamerClient.swift */; };
		FCEACFD5204F0C9E00FFC15F /* AppDelegate.swift in Sources */ = {isa = PBXBuildFile; fileRef = FCEACFD4204F0C9E00FFC15F /* AppDelegate.swift */; };
		FCEACFD7204F0C9E00FFC15F /* Assets.xcassets in Resources */ = {isa = PBXBuildFile; fileRef = FCEACFD6204F0C9E00FFC15F /* Assets.xcassets */; };
		FCEACFDA204F0C9E00FFC15F /* MainMenu.xib in Resources */ = {isa = PBXBuildFile; fileRef = FCEACFD8204F0C9E00FFC15F /* MainMenu.xib */; };
		FCEACFE3204F12D100FFC15F /* StatusMenuController.swift in Sources */ = {isa = PBXBuildFile; fileRef = FCEACFE2204F12D100FFC15F /* StatusMenuController.swift */; };
		FCEACFE72057232200FFC15F /* BeamerC.c in Sources */ = {isa = PBXBuildFile; fileRef = FCEACFE62057232200FFC15F /* BeamerC.c */; };
		FCEACFE920572C8A00FFC15F /* WatchPidWrapper.swift in Sources */ = {isa = PBXBuildFile; fileRef = FCEACFE820572C8A00FFC15F /* WatchPidWrapper.swift */; };
		FCEACFF120573DBC00FFC15F /* AppDelegate.swift in Sources */ = {isa = PBXBuildFile; fileRef = FCEACFF020573DBC00FFC15F /* AppDelegate.swift */; };
		FCEACFF320573DBC00FFC15F /* ViewController.swift in Sources */ = {isa = PBXBuildFile; fileRef = FCEACFF220573DBC00FFC15F /* ViewController.swift */; };
		FCEACFF620573DBD00FFC15F /* Main.storyboard in Resources */ = {isa = PBXBuildFile; fileRef = FCEACFF420573DBD00FFC15F /* Main.storyboard */; };
		FCEACFFB20573DBD00FFC15F /* LaunchScreen.storyboard in Resources */ = {isa = PBXBuildFile; fileRef = FCEACFF920573DBD00FFC15F /* LaunchScreen.storyboard */; };
		FCEAD00C2057852500FFC15F /* CocoaAsyncSocket.framework in Frameworks */ = {isa = PBXBuildFile; fileRef = FCEAD00B2057852500FFC15F /* CocoaAsyncSocket.framework */; };
		FCEAD00E2057854900FFC15F /* CocoaAsyncSocket.framework in Frameworks */ = {isa = PBXBuildFile; fileRef = FCEAD00D2057854900FFC15F /* CocoaAsyncSocket.framework */; };
		FCEAD01220578B4500FFC15F /* BeamerServer.swift in Sources */ = {isa = PBXBuildFile; fileRef = FCEAD01120578B4500FFC15F /* BeamerServer.swift */; };
/* End PBXBuildFile section */

/* Begin PBXFileReference section */
		FC30F003205F4056003F8B38 /* SelectProcessWindow.swift */ = {isa = PBXFileReference; lastKnownFileType = sourcecode.swift; path = SelectProcessWindow.swift; sourceTree = "<group>"; };
		FC30F004205F4056003F8B38 /* SelectProcessWindow.xib */ = {isa = PBXFileReference; lastKnownFileType = file.xib; path = SelectProcessWindow.xib; sourceTree = "<group>"; };
		FC322AF92067224F00CE7AC0 /* NearbyDevicesWindow.swift */ = {isa = PBXFileReference; lastKnownFileType = sourcecode.swift; path = NearbyDevicesWindow.swift; sourceTree = "<group>"; };
		FC322AFA2067224F00CE7AC0 /* NearbyDevicesWindow.xib */ = {isa = PBXFileReference; lastKnownFileType = file.xib; path = NearbyDevicesWindow.xib; sourceTree = "<group>"; };
		FC322AFD206745AE00CE7AC0 /* Message.swift */ = {isa = PBXFileReference; lastKnownFileType = sourcecode.swift; path = Message.swift; sourceTree = "<group>"; };
		FC8098692058156F009634B0 /* RecentJobsTableViewController.swift */ = {isa = PBXFileReference; lastKnownFileType = sourcecode.swift; path = RecentJobsTableViewController.swift; sourceTree = "<group>"; };
		FC80986B20581A0C009634B0 /* RecentJobsTableViewCell.swift */ = {isa = PBXFileReference; lastKnownFileType = sourcecode.swift; path = RecentJobsTableViewCell.swift; sourceTree = "<group>"; };
		FC9A7BDE2066DDDD00B6D345 /* DevicesTableViewController.swift */ = {isa = PBXFileReference; lastKnownFileType = sourcecode.swift; path = DevicesTableViewController.swift; sourceTree = "<group>"; };
		FC9A7BE02066E70C00B6D345 /* BeamerClient.swift */ = {isa = PBXFileReference; lastKnownFileType = sourcecode.swift; path = BeamerClient.swift; sourceTree = "<group>"; };
		FCEACFD1204F0C9E00FFC15F /* Beamer.app */ = {isa = PBXFileReference; explicitFileType = wrapper.application; includeInIndex = 0; path = Beamer.app; sourceTree = BUILT_PRODUCTS_DIR; };
		FCEACFD4204F0C9E00FFC15F /* AppDelegate.swift */ = {isa = PBXFileReference; lastKnownFileType = sourcecode.swift; path = AppDelegate.swift; sourceTree = "<group>"; };
		FCEACFD6204F0C9E00FFC15F /* Assets.xcassets */ = {isa = PBXFileReference; lastKnownFileType = folder.assetcatalog; path = Assets.xcassets; sourceTree = "<group>"; };
		FCEACFD9204F0C9E00FFC15F /* Base */ = {isa = PBXFileReference; lastKnownFileType = file.xib; name = Base; path = Base.lproj/MainMenu.xib; sourceTree = "<group>"; };
		FCEACFDB204F0C9E00FFC15F /* Info.plist */ = {isa = PBXFileReference; lastKnownFileType = text.plist.xml; path = Info.plist; sourceTree = "<group>"; };
		FCEACFDC204F0C9E00FFC15F /* Beamer.entitlements */ = {isa = PBXFileReference; lastKnownFileType = text.plist.entitlements; path = Beamer.entitlements; sourceTree = "<group>"; };
		FCEACFE2204F12D100FFC15F /* StatusMenuController.swift */ = {isa = PBXFileReference; lastKnownFileType = sourcecode.swift; path = StatusMenuController.swift; sourceTree = "<group>"; };
		FCEACFE42057232100FFC15F /* Beamer-Bridging-Header.h */ = {isa = PBXFileReference; lastKnownFileType = sourcecode.c.h; path = "Beamer-Bridging-Header.h"; sourceTree = "<group>"; };
		FCEACFE52057232200FFC15F /* BeamerC.h */ = {isa = PBXFileReference; lastKnownFileType = sourcecode.c.h; path = BeamerC.h; sourceTree = "<group>"; };
		FCEACFE62057232200FFC15F /* BeamerC.c */ = {isa = PBXFileReference; lastKnownFileType = sourcecode.c.c; path = BeamerC.c; sourceTree = "<group>"; };
		FCEACFE820572C8A00FFC15F /* WatchPidWrapper.swift */ = {isa = PBXFileReference; lastKnownFileType = sourcecode.swift; path = WatchPidWrapper.swift; sourceTree = "<group>"; };
		FCEACFEE20573DBC00FFC15F /* BeamerIOS.app */ = {isa = PBXFileReference; explicitFileType = wrapper.application; includeInIndex = 0; path = BeamerIOS.app; sourceTree = BUILT_PRODUCTS_DIR; };
		FCEACFF020573DBC00FFC15F /* AppDelegate.swift */ = {isa = PBXFileReference; lastKnownFileType = sourcecode.swift; path = AppDelegate.swift; sourceTree = "<group>"; };
		FCEACFF220573DBC00FFC15F /* ViewController.swift */ = {isa = PBXFileReference; lastKnownFileType = sourcecode.swift; path = ViewController.swift; sourceTree = "<group>"; };
		FCEACFF520573DBD00FFC15F /* Base */ = {isa = PBXFileReference; lastKnownFileType = file.storyboard; name = Base; path = Base.lproj/Main.storyboard; sourceTree = "<group>"; };
		FCEACFFA20573DBD00FFC15F /* Base */ = {isa = PBXFileReference; lastKnownFileType = file.storyboard; name = Base; path = Base.lproj/LaunchScreen.storyboard; sourceTree = "<group>"; };
		FCEACFFC20573DBD00FFC15F /* Info.plist */ = {isa = PBXFileReference; lastKnownFileType = text.plist.xml; path = Info.plist; sourceTree = "<group>"; };
		FCEAD00B2057852500FFC15F /* CocoaAsyncSocket.framework */ = {isa = PBXFileReference; lastKnownFileType = wrapper.framework; name = CocoaAsyncSocket.framework; path = Carthage/Build/Mac/CocoaAsyncSocket.framework; sourceTree = "<group>"; };
		FCEAD00D2057854900FFC15F /* CocoaAsyncSocket.framework */ = {isa = PBXFileReference; lastKnownFileType = wrapper.framework; name = CocoaAsyncSocket.framework; path = Carthage/Build/iOS/CocoaAsyncSocket.framework; sourceTree = "<group>"; };
		FCEAD01120578B4500FFC15F /* BeamerServer.swift */ = {isa = PBXFileReference; lastKnownFileType = sourcecode.swift; path = BeamerServer.swift; sourceTree = "<group>"; };
/* End PBXFileReference section */

/* Begin PBXFrameworksBuildPhase section */
		FCEACFCE204F0C9E00FFC15F /* Frameworks */ = {
			isa = PBXFrameworksBuildPhase;
			buildActionMask = 2147483647;
			files = (
				FCEAD00C2057852500FFC15F /* CocoaAsyncSocket.framework in Frameworks */,
			);
			runOnlyForDeploymentPostprocessing = 0;
		};
		FCEACFEB20573DBC00FFC15F /* Frameworks */ = {
			isa = PBXFrameworksBuildPhase;
			buildActionMask = 2147483647;
			files = (
				FCEAD00E2057854900FFC15F /* CocoaAsyncSocket.framework in Frameworks */,
			);
			runOnlyForDeploymentPostprocessing = 0;
		};
/* End PBXFrameworksBuildPhase section */

/* Begin PBXGroup section */
		FC322AF52066EE2F00CE7AC0 /* Shared */ = {
			isa = PBXGroup;
			children = (
				FCEACFD6204F0C9E00FFC15F /* Assets.xcassets */,
				FC322AFD206745AE00CE7AC0 /* Message.swift */,
			);
			path = Shared;
			sourceTree = "<group>";
		};
		FCEACFC8204F0C9D00FFC15F = {
			isa = PBXGroup;
			children = (
				FC322AF52066EE2F00CE7AC0 /* Shared */,
				FCEACFD3204F0C9E00FFC15F /* Beamer */,
				FCEACFEF20573DBC00FFC15F /* BeamerIOS */,
				FCEACFD2204F0C9E00FFC15F /* Products */,
				FCEAD00A2057852400FFC15F /* Frameworks */,
			);
			sourceTree = "<group>";
		};
		FCEACFD2204F0C9E00FFC15F /* Products */ = {
			isa = PBXGroup;
			children = (
				FCEACFD1204F0C9E00FFC15F /* Beamer.app */,
				FCEACFEE20573DBC00FFC15F /* BeamerIOS.app */,
			);
			name = Products;
			sourceTree = "<group>";
		};
		FCEACFD3204F0C9E00FFC15F /* Beamer */ = {
			isa = PBXGroup;
			children = (
				FCEAD00820577ECF00FFC15F /* Extra */,
				FCEACFD4204F0C9E00FFC15F /* AppDelegate.swift */,
				FCEACFD8204F0C9E00FFC15F /* MainMenu.xib */,
				FCEACFE2204F12D100FFC15F /* StatusMenuController.swift */,
				FCEACFE62057232200FFC15F /* BeamerC.c */,
				FCEACFE820572C8A00FFC15F /* WatchPidWrapper.swift */,
				FCEAD01120578B4500FFC15F /* BeamerServer.swift */,
				FC30F003205F4056003F8B38 /* SelectProcessWindow.swift */,
				FC30F004205F4056003F8B38 /* SelectProcessWindow.xib */,
				FC322AF92067224F00CE7AC0 /* NearbyDevicesWindow.swift */,
				FC322AFA2067224F00CE7AC0 /* NearbyDevicesWindow.xib */,
			);
			path = Beamer;
			sourceTree = "<group>";
		};
		FCEACFEF20573DBC00FFC15F /* BeamerIOS */ = {
			isa = PBXGroup;
			children = (
				FCEACFF020573DBC00FFC15F /* AppDelegate.swift */,
				FCEACFF220573DBC00FFC15F /* ViewController.swift */,
				FCEACFF420573DBD00FFC15F /* Main.storyboard */,
				FCEACFF920573DBD00FFC15F /* LaunchScreen.storyboard */,
				FCEACFFC20573DBD00FFC15F /* Info.plist */,
				FC8098692058156F009634B0 /* RecentJobsTableViewController.swift */,
				FC80986B20581A0C009634B0 /* RecentJobsTableViewCell.swift */,
				FC9A7BDE2066DDDD00B6D345 /* DevicesTableViewController.swift */,
				FC9A7BE02066E70C00B6D345 /* BeamerClient.swift */,
			);
			path = BeamerIOS;
			sourceTree = "<group>";
		};
		FCEAD00820577ECF00FFC15F /* Extra */ = {
			isa = PBXGroup;
			children = (
				FCEACFDB204F0C9E00FFC15F /* Info.plist */,
				FCEACFDC204F0C9E00FFC15F /* Beamer.entitlements */,
				FCEACFE52057232200FFC15F /* BeamerC.h */,
				FCEACFE42057232100FFC15F /* Beamer-Bridging-Header.h */,
			);
			path = Extra;
			sourceTree = "<group>";
		};
		FCEAD00A2057852400FFC15F /* Frameworks */ = {
			isa = PBXGroup;
			children = (
				FCEAD00D2057854900FFC15F /* CocoaAsyncSocket.framework */,
				FCEAD00B2057852500FFC15F /* CocoaAsyncSocket.framework */,
			);
			name = Frameworks;
			sourceTree = "<group>";
		};
/* End PBXGroup section */

/* Begin PBXNativeTarget section */
		FCEACFD0204F0C9E00FFC15F /* Beamer */ = {
			isa = PBXNativeTarget;
			buildConfigurationList = FCEACFDF204F0C9E00FFC15F /* Build configuration list for PBXNativeTarget "Beamer" */;
			buildPhases = (
				FCEACFCD204F0C9E00FFC15F /* Sources */,
				FCEACFCE204F0C9E00FFC15F /* Frameworks */,
				FCEACFCF204F0C9E00FFC15F /* Resources */,
				FCEAD00F205785C200FFC15F /* ShellScript */,
			);
			buildRules = (
			);
			dependencies = (
			);
			name = Beamer;
			productName = Beamer;
			productReference = FCEACFD1204F0C9E00FFC15F /* Beamer.app */;
			productType = "com.apple.product-type.application";
		};
		FCEACFED20573DBC00FFC15F /* BeamerIOS */ = {
			isa = PBXNativeTarget;
			buildConfigurationList = FCEACFFD20573DBD00FFC15F /* Build configuration list for PBXNativeTarget "BeamerIOS" */;
			buildPhases = (
				FCEACFEA20573DBC00FFC15F /* Sources */,
				FCEACFEB20573DBC00FFC15F /* Frameworks */,
				FCEACFEC20573DBC00FFC15F /* Resources */,
				FCEAD0102057864E00FFC15F /* ShellScript */,
			);
			buildRules = (
			);
			dependencies = (
			);
			name = BeamerIOS;
			productName = BeamerIOS;
			productReference = FCEACFEE20573DBC00FFC15F /* BeamerIOS.app */;
			productType = "com.apple.product-type.application";
		};
/* End PBXNativeTarget section */

/* Begin PBXProject section */
		FCEACFC9204F0C9D00FFC15F /* Project object */ = {
			isa = PBXProject;
			attributes = {
				LastSwiftUpdateCheck = 0920;
				LastUpgradeCheck = 0920;
				ORGANIZATIONNAME = "Dylan Cooper";
				TargetAttributes = {
					FCEACFD0204F0C9E00FFC15F = {
						CreatedOnToolsVersion = 9.2;
						LastSwiftMigration = 0920;
						ProvisioningStyle = Automatic;
					};
					FCEACFED20573DBC00FFC15F = {
						CreatedOnToolsVersion = 9.2;
						ProvisioningStyle = Automatic;
					};
				};
			};
			buildConfigurationList = FCEACFCC204F0C9D00FFC15F /* Build configuration list for PBXProject "Beamer" */;
			compatibilityVersion = "Xcode 8.0";
			developmentRegion = en;
			hasScannedForEncodings = 0;
			knownRegions = (
				en,
				Base,
			);
			mainGroup = FCEACFC8204F0C9D00FFC15F;
			productRefGroup = FCEACFD2204F0C9E00FFC15F /* Products */;
			projectDirPath = "";
			projectRoot = "";
			targets = (
				FCEACFD0204F0C9E00FFC15F /* Beamer */,
				FCEACFED20573DBC00FFC15F /* BeamerIOS */,
			);
		};
/* End PBXProject section */

/* Begin PBXResourcesBuildPhase section */
		FCEACFCF204F0C9E00FFC15F /* Resources */ = {
			isa = PBXResourcesBuildPhase;
			buildActionMask = 2147483647;
			files = (
				FC322AFC2067224F00CE7AC0 /* NearbyDevicesWindow.xib in Resources */,
				FC30F006205F4056003F8B38 /* SelectProcessWindow.xib in Resources */,
				FCEACFD7204F0C9E00FFC15F /* Assets.xcassets in Resources */,
				FCEACFDA204F0C9E00FFC15F /* MainMenu.xib in Resources */,
			);
			runOnlyForDeploymentPostprocessing = 0;
		};
		FCEACFEC20573DBC00FFC15F /* Resources */ = {
			isa = PBXResourcesBuildPhase;
			buildActionMask = 2147483647;
			files = (
				FC322AF62066EE4A00CE7AC0 /* Assets.xcassets in Resources */,
				FCEACFFB20573DBD00FFC15F /* LaunchScreen.storyboard in Resources */,
				FCEACFF620573DBD00FFC15F /* Main.storyboard in Resources */,
			);
			runOnlyForDeploymentPostprocessing = 0;
		};
/* End PBXResourcesBuildPhase section */

/* Begin PBXShellScriptBuildPhase section */
		FCEAD00F205785C200FFC15F /* ShellScript */ = {
			isa = PBXShellScriptBuildPhase;
			buildActionMask = 2147483647;
			files = (
			);
			inputPaths = (
				"$(SRCROOT)/Carthage/Build/Mac/CocoaAsyncSocket.framework",
			);
			outputPaths = (
			);
			runOnlyForDeploymentPostprocessing = 0;
			shellPath = /bin/sh;
			shellScript = "/usr/local/bin/carthage copy-frameworks";
		};
		FCEAD0102057864E00FFC15F /* ShellScript */ = {
			isa = PBXShellScriptBuildPhase;
			buildActionMask = 2147483647;
			files = (
			);
			inputPaths = (
				"$(SRCROOT)/Carthage/Build/iOS/CocoaAsyncSocket.framework",
			);
			outputPaths = (
			);
			runOnlyForDeploymentPostprocessing = 0;
			shellPath = /bin/sh;
			shellScript = "/usr/local/bin/carthage copy-frameworks";
		};
/* End PBXShellScriptBuildPhase section */

/* Begin PBXSourcesBuildPhase section */
		FCEACFCD204F0C9E00FFC15F /* Sources */ = {
			isa = PBXSourcesBuildPhase;
			buildActionMask = 2147483647;
			files = (
				FCEACFE3204F12D100FFC15F /* StatusMenuController.swift in Sources */,
				FC30F005205F4056003F8B38 /* SelectProcessWindow.swift in Sources */,
				FC322AFB2067224F00CE7AC0 /* NearbyDevicesWindow.swift in Sources */,
				FCEACFE920572C8A00FFC15F /* WatchPidWrapper.swift in Sources */,
				FCEACFE72057232200FFC15F /* BeamerC.c in Sources */,
				FC322AFE206745AF00CE7AC0 /* Message.swift in Sources */,
				FCEAD01220578B4500FFC15F /* BeamerServer.swift in Sources */,
				FCEACFD5204F0C9E00FFC15F /* AppDelegate.swift in Sources */,
			);
			runOnlyForDeploymentPostprocessing = 0;
		};
		FCEACFEA20573DBC00FFC15F /* Sources */ = {
			isa = PBXSourcesBuildPhase;
			buildActionMask = 2147483647;
			files = (
				FCEACFF320573DBC00FFC15F /* ViewController.swift in Sources */,
				FCEACFF120573DBC00FFC15F /* AppDelegate.swift in Sources */,
				FC9A7BE12066E70C00B6D345 /* BeamerClient.swift in Sources */,
				FC9A7BDF2066DDDD00B6D345 /* DevicesTableViewController.swift in Sources */,
				FC80986C20581A0C009634B0 /* RecentJobsTableViewCell.swift in Sources */,
				FC80986A2058156F009634B0 /* RecentJobsTableViewController.swift in Sources */,
				FC322AFF206745AF00CE7AC0 /* Message.swift in Sources */,
			);
			runOnlyForDeploymentPostprocessing = 0;
		};
/* End PBXSourcesBuildPhase section */

/* Begin PBXVariantGroup section */
		FCEACFD8204F0C9E00FFC15F /* MainMenu.xib */ = {
			isa = PBXVariantGroup;
			children = (
				FCEACFD9204F0C9E00FFC15F /* Base */,
			);
			name = MainMenu.xib;
			sourceTree = "<group>";
		};
		FCEACFF420573DBD00FFC15F /* Main.storyboard */ = {
			isa = PBXVariantGroup;
			children = (
				FCEACFF520573DBD00FFC15F /* Base */,
			);
			name = Main.storyboard;
			sourceTree = "<group>";
		};
		FCEACFF920573DBD00FFC15F /* LaunchScreen.storyboard */ = {
			isa = PBXVariantGroup;
			children = (
				FCEACFFA20573DBD00FFC15F /* Base */,
			);
			name = LaunchScreen.storyboard;
			sourceTree = "<group>";
		};
/* End PBXVariantGroup section */

/* Begin XCBuildConfiguration section */
		FCEACFDD204F0C9E00FFC15F /* Debug */ = {
			isa = XCBuildConfiguration;
			buildSettings = {
				ALWAYS_SEARCH_USER_PATHS = NO;
				CLANG_ANALYZER_NONNULL = YES;
				CLANG_ANALYZER_NUMBER_OBJECT_CONVERSION = YES_AGGRESSIVE;
				CLANG_CXX_LANGUAGE_STANDARD = "gnu++14";
				CLANG_CXX_LIBRARY = "libc++";
				CLANG_ENABLE_MODULES = YES;
				CLANG_ENABLE_OBJC_ARC = YES;
				CLANG_WARN_BLOCK_CAPTURE_AUTORELEASING = YES;
				CLANG_WARN_BOOL_CONVERSION = YES;
				CLANG_WARN_COMMA = YES;
				CLANG_WARN_CONSTANT_CONVERSION = YES;
				CLANG_WARN_DIRECT_OBJC_ISA_USAGE = YES_ERROR;
				CLANG_WARN_DOCUMENTATION_COMMENTS = YES;
				CLANG_WARN_EMPTY_BODY = YES;
				CLANG_WARN_ENUM_CONVERSION = YES;
				CLANG_WARN_INFINITE_RECURSION = YES;
				CLANG_WARN_INT_CONVERSION = YES;
				CLANG_WARN_NON_LITERAL_NULL_CONVERSION = YES;
				CLANG_WARN_OBJC_LITERAL_CONVERSION = YES;
				CLANG_WARN_OBJC_ROOT_CLASS = YES_ERROR;
				CLANG_WARN_RANGE_LOOP_ANALYSIS = YES;
				CLANG_WARN_STRICT_PROTOTYPES = YES;
				CLANG_WARN_SUSPICIOUS_MOVE = YES;
				CLANG_WARN_UNGUARDED_AVAILABILITY = YES_AGGRESSIVE;
				CLANG_WARN_UNREACHABLE_CODE = YES;
				CLANG_WARN__DUPLICATE_METHOD_MATCH = YES;
				CODE_SIGN_IDENTITY = "Mac Developer";
				COPY_PHASE_STRIP = NO;
				DEBUG_INFORMATION_FORMAT = dwarf;
				ENABLE_STRICT_OBJC_MSGSEND = YES;
				ENABLE_TESTABILITY = YES;
				GCC_C_LANGUAGE_STANDARD = gnu11;
				GCC_DYNAMIC_NO_PIC = NO;
				GCC_NO_COMMON_BLOCKS = YES;
				GCC_OPTIMIZATION_LEVEL = 0;
				GCC_PREPROCESSOR_DEFINITIONS = (
					"DEBUG=1",
					"$(inherited)",
				);
				GCC_WARN_64_TO_32_BIT_CONVERSION = YES;
				GCC_WARN_ABOUT_RETURN_TYPE = YES_ERROR;
				GCC_WARN_UNDECLARED_SELECTOR = YES;
				GCC_WARN_UNINITIALIZED_AUTOS = YES_AGGRESSIVE;
				GCC_WARN_UNUSED_FUNCTION = YES;
				GCC_WARN_UNUSED_VARIABLE = YES;
				MACOSX_DEPLOYMENT_TARGET = 10.13;
				MTL_ENABLE_DEBUG_INFO = YES;
				ONLY_ACTIVE_ARCH = YES;
				SDKROOT = macosx;
				SWIFT_ACTIVE_COMPILATION_CONDITIONS = DEBUG;
				SWIFT_OPTIMIZATION_LEVEL = "-Onone";
			};
			name = Debug;
		};
		FCEACFDE204F0C9E00FFC15F /* Release */ = {
			isa = XCBuildConfiguration;
			buildSettings = {
				ALWAYS_SEARCH_USER_PATHS = NO;
				CLANG_ANALYZER_NONNULL = YES;
				CLANG_ANALYZER_NUMBER_OBJECT_CONVERSION = YES_AGGRESSIVE;
				CLANG_CXX_LANGUAGE_STANDARD = "gnu++14";
				CLANG_CXX_LIBRARY = "libc++";
				CLANG_ENABLE_MODULES = YES;
				CLANG_ENABLE_OBJC_ARC = YES;
				CLANG_WARN_BLOCK_CAPTURE_AUTORELEASING = YES;
				CLANG_WARN_BOOL_CONVERSION = YES;
				CLANG_WARN_COMMA = YES;
				CLANG_WARN_CONSTANT_CONVERSION = YES;
				CLANG_WARN_DIRECT_OBJC_ISA_USAGE = YES_ERROR;
				CLANG_WARN_DOCUMENTATION_COMMENTS = YES;
				CLANG_WARN_EMPTY_BODY = YES;
				CLANG_WARN_ENUM_CONVERSION = YES;
				CLANG_WARN_INFINITE_RECURSION = YES;
				CLANG_WARN_INT_CONVERSION = YES;
				CLANG_WARN_NON_LITERAL_NULL_CONVERSION = YES;
				CLANG_WARN_OBJC_LITERAL_CONVERSION = YES;
				CLANG_WARN_OBJC_ROOT_CLASS = YES_ERROR;
				CLANG_WARN_RANGE_LOOP_ANALYSIS = YES;
				CLANG_WARN_STRICT_PROTOTYPES = YES;
				CLANG_WARN_SUSPICIOUS_MOVE = YES;
				CLANG_WARN_UNGUARDED_AVAILABILITY = YES_AGGRESSIVE;
				CLANG_WARN_UNREACHABLE_CODE = YES;
				CLANG_WARN__DUPLICATE_METHOD_MATCH = YES;
				CODE_SIGN_IDENTITY = "Mac Developer";
				COPY_PHASE_STRIP = NO;
				DEBUG_INFORMATION_FORMAT = "dwarf-with-dsym";
				ENABLE_NS_ASSERTIONS = NO;
				ENABLE_STRICT_OBJC_MSGSEND = YES;
				GCC_C_LANGUAGE_STANDARD = gnu11;
				GCC_NO_COMMON_BLOCKS = YES;
				GCC_WARN_64_TO_32_BIT_CONVERSION = YES;
				GCC_WARN_ABOUT_RETURN_TYPE = YES_ERROR;
				GCC_WARN_UNDECLARED_SELECTOR = YES;
				GCC_WARN_UNINITIALIZED_AUTOS = YES_AGGRESSIVE;
				GCC_WARN_UNUSED_FUNCTION = YES;
				GCC_WARN_UNUSED_VARIABLE = YES;
				MACOSX_DEPLOYMENT_TARGET = 10.13;
				MTL_ENABLE_DEBUG_INFO = NO;
				SDKROOT = macosx;
				SWIFT_OPTIMIZATION_LEVEL = "-Owholemodule";
			};
			name = Release;
		};
		FCEACFE0204F0C9E00FFC15F /* Debug */ = {
			isa = XCBuildConfiguration;
			buildSettings = {
				ASSETCATALOG_COMPILER_APPICON_NAME = AppIcon;
				CLANG_ENABLE_MODULES = YES;
				CODE_SIGN_ENTITLEMENTS = Beamer/Extra/Beamer.entitlements;
				CODE_SIGN_STYLE = Automatic;
				COMBINE_HIDPI_IMAGES = YES;
				DEVELOPMENT_TEAM = J4N5QJ3M9D;
				FRAMEWORK_SEARCH_PATHS = (
					"$(inherited)",
					"$(PROJECT_DIR)/Carthage/Build/Mac",
				);
				INFOPLIST_FILE = "$(SRCROOT)/Beamer/Extra/Info.plist";
				LD_RUNPATH_SEARCH_PATHS = "$(inherited) @executable_path/../Frameworks";
				PRODUCT_BUNDLE_IDENTIFIER = "Dylan-Cooper.Beamer";
				PRODUCT_NAME = "$(TARGET_NAME)";
				SWIFT_OBJC_BRIDGING_HEADER = "Beamer/Extra/Beamer-Bridging-Header.h";
				SWIFT_OPTIMIZATION_LEVEL = "-Onone";
				SWIFT_VERSION = 4.0;
			};
			name = Debug;
		};
		FCEACFE1204F0C9E00FFC15F /* Release */ = {
			isa = XCBuildConfiguration;
			buildSettings = {
				ASSETCATALOG_COMPILER_APPICON_NAME = AppIcon;
				CLANG_ENABLE_MODULES = YES;
				CODE_SIGN_ENTITLEMENTS = Beamer/Extra/Beamer.entitlements;
				CODE_SIGN_STYLE = Automatic;
				COMBINE_HIDPI_IMAGES = YES;
				DEVELOPMENT_TEAM = J4N5QJ3M9D;
				FRAMEWORK_SEARCH_PATHS = (
					"$(inherited)",
					"$(PROJECT_DIR)/Carthage/Build/Mac",
				);
				INFOPLIST_FILE = "$(SRCROOT)/Beamer/Extra/Info.plist";
				LD_RUNPATH_SEARCH_PATHS = "$(inherited) @executable_path/../Frameworks";
				PRODUCT_BUNDLE_IDENTIFIER = "Dylan-Cooper.Beamer";
				PRODUCT_NAME = "$(TARGET_NAME)";
				SWIFT_OBJC_BRIDGING_HEADER = "Beamer/Extra/Beamer-Bridging-Header.h";
				SWIFT_VERSION = 4.0;
			};
			name = Release;
		};
		FCEACFFE20573DBD00FFC15F /* Debug */ = {
			isa = XCBuildConfiguration;
			buildSettings = {
				ASSETCATALOG_COMPILER_APPICON_NAME = AppIcon;
				CODE_SIGN_IDENTITY = "iPhone Developer";
				CODE_SIGN_STYLE = Automatic;
				DEVELOPMENT_TEAM = J4N5QJ3M9D;
				FRAMEWORK_SEARCH_PATHS = (
					"$(inherited)",
					"$(PROJECT_DIR)/Carthage/Build/iOS",
				);
				INFOPLIST_FILE = BeamerIOS/Info.plist;
				IPHONEOS_DEPLOYMENT_TARGET = 11.2;
				LD_RUNPATH_SEARCH_PATHS = "$(inherited) @executable_path/Frameworks";
				PRODUCT_BUNDLE_IDENTIFIER = "Dylan-Cooper.BeamerIOS";
				PRODUCT_NAME = "$(TARGET_NAME)";
				SDKROOT = iphoneos;
				SWIFT_VERSION = 4.0;
				TARGETED_DEVICE_FAMILY = "1,2";
			};
			name = Debug;
		};
		FCEACFFF20573DBD00FFC15F /* Release */ = {
			isa = XCBuildConfiguration;
			buildSettings = {
				ASSETCATALOG_COMPILER_APPICON_NAME = AppIcon;
				CODE_SIGN_IDENTITY = "iPhone Developer";
				CODE_SIGN_STYLE = Automatic;
				DEVELOPMENT_TEAM = J4N5QJ3M9D;
				FRAMEWORK_SEARCH_PATHS = (
					"$(inherited)",
					"$(PROJECT_DIR)/Carthage/Build/iOS",
				);
				INFOPLIST_FILE = BeamerIOS/Info.plist;
				IPHONEOS_DEPLOYMENT_TARGET = 11.2;
				LD_RUNPATH_SEARCH_PATHS = "$(inherited) @executable_path/Frameworks";
				PRODUCT_BUNDLE_IDENTIFIER = "Dylan-Cooper.BeamerIOS";
				PRODUCT_NAME = "$(TARGET_NAME)";
				SDKROOT = iphoneos;
				SWIFT_VERSION = 4.0;
				TARGETED_DEVICE_FAMILY = "1,2";
				VALIDATE_PRODUCT = YES;
			};
			name = Release;
		};
/* End XCBuildConfiguration section */

/* Begin XCConfigurationList section */
		FCEACFCC204F0C9D00FFC15F /* Build configuration list for PBXProject "Beamer" */ = {
			isa = XCConfigurationList;
			buildConfigurations = (
				FCEACFDD204F0C9E00FFC15F /* Debug */,
				FCEACFDE204F0C9E00FFC15F /* Release */,
			);
			defaultConfigurationIsVisible = 0;
			defaultConfigurationName = Release;
		};
		FCEACFDF204F0C9E00FFC15F /* Build configuration list for PBXNativeTarget "Beamer" */ = {
			isa = XCConfigurationList;
			buildConfigurations = (
				FCEACFE0204F0C9E00FFC15F /* Debug */,
				FCEACFE1204F0C9E00FFC15F /* Release */,
			);
			defaultConfigurationIsVisible = 0;
			defaultConfigurationName = Release;
		};
		FCEACFFD20573DBD00FFC15F /* Build configuration list for PBXNativeTarget "BeamerIOS" */ = {
			isa = XCConfigurationList;
			buildConfigurations = (
				FCEACFFE20573DBD00FFC15F /* Debug */,
				FCEACFFF20573DBD00FFC15F /* Release */,
			);
			defaultConfigurationIsVisible = 0;
			defaultConfigurationName = Release;
		};
/* End XCConfigurationList section */
	};
	rootObject = FCEACFC9204F0C9D00FFC15F /* Project object */;
}
